// !$*UTF8*$!
{
	archiveVersion = 1;
	classes = {
	};
	objectVersion = 46;
	objects = {

/* Begin PBXBuildFile section */
		377A285E1B95BE77009BB389 /* Default-568h@2x.png in Resources */ = {isa = PBXBuildFile; fileRef = 377A285D1B95BE77009BB389 /* Default-568h@2x.png */; };
		37B5716B1B95D03800D85CC3 /* MessageUI.framework in Frameworks */ = {isa = PBXBuildFile; fileRef = 37B5716A1B95D03800D85CC3 /* MessageUI.framework */; };
		37B5718C1B95E5D800D85CC3 /* libTBXML.a in Frameworks */ = {isa = PBXBuildFile; fileRef = 37B571691B95CF7200D85CC3 /* libTBXML.a */; };
		37B571CD1B95EF0400D85CC3 /* Localizable.strings in Resources */ = {isa = PBXBuildFile; fileRef = 37B571CB1B95EF0400D85CC3 /* Localizable.strings */; };
		5970543C159DB9D00003BA92 /* lib__REPLACE_MODULE_NAME__.a in Frameworks */ = {isa = PBXBuildFile; fileRef = 59705439159DB8090003BA92 /* lib__REPLACE_MODULE_NAME__.a */; };
		5E0F35111C857E19005FE117 /* config.xml in Resources */ = {isa = PBXBuildFile; fileRef = 5E0F35101C857E19005FE117 /* config.xml */; };
		5E14C64A1C9172CF00FDC937 /* libiBuildAppLib.a in Frameworks */ = {isa = PBXBuildFile; fileRef = 5E14C6471C9172B300FDC937 /* libiBuildAppLib.a */; };
		5EC9D69D1C983C1F008EBF34 /* __REPLACE_MODULE_NAME__Resources.bundle in Resources */ = {isa = PBXBuildFile; fileRef = 5EC9D69C1C983BF5008EBF34 /* __REPLACE_MODULE_NAME__Resources.bundle */; };
		77F7612D158B0B80003A4120 /* UIKit.framework in Frameworks */ = {isa = PBXBuildFile; fileRef = 77F7612C158B0B80003A4120 /* UIKit.framework */; };
		77F7612F158B0B80003A4120 /* Foundation.framework in Frameworks */ = {isa = PBXBuildFile; fileRef = 77F7612E158B0B80003A4120 /* Foundation.framework */; };
		77F76131158B0B80003A4120 /* CoreGraphics.framework in Frameworks */ = {isa = PBXBuildFile; fileRef = 77F76130158B0B80003A4120 /* CoreGraphics.framework */; };
		77F76137158B0B80003A4120 /* InfoPlist.strings in Resources */ = {isa = PBXBuildFile; fileRef = 77F76135158B0B80003A4120 /* InfoPlist.strings */; };
		77F76139158B0B80003A4120 /* main.m in Sources */ = {isa = PBXBuildFile; fileRef = 77F76138158B0B80003A4120 /* main.m */; };
		77F7615A158B0C78003A4120 /* AppDelegate.m in Sources */ = {isa = PBXBuildFile; fileRef = 77F76159158B0C78003A4120 /* AppDelegate.m */; };
		77F7615D158B0C85003A4120 /* RootViewController.m in Sources */ = {isa = PBXBuildFile; fileRef = 77F7615C158B0C85003A4120 /* RootViewController.m */; };
/* End PBXBuildFile section */

/* Begin PBXContainerItemProxy section */
		37B571681B95CF7200D85CC3 /* PBXContainerItemProxy */ = {
			isa = PBXContainerItemProxy;
			containerPortal = 37B571641B95CF7100D85CC3 /* TBXML.xcodeproj */;
			proxyType = 2;
			remoteGlobalIDString = 59030B2E16CE378D00DA0714;
			remoteInfo = TBXML;
		};
		37B5718A1B95E5D300D85CC3 /* PBXContainerItemProxy */ = {
			isa = PBXContainerItemProxy;
			containerPortal = 37B571641B95CF7100D85CC3 /* TBXML.xcodeproj */;
			proxyType = 1;
			remoteGlobalIDString = 59030B2D16CE378D00DA0714;
			remoteInfo = TBXML;
		};
		59705438159DB8090003BA92 /* PBXContainerItemProxy */ = {
			isa = PBXContainerItemProxy;
			containerPortal = 59705434159DB8080003BA92 /* __REPLACE_MODULE_NAME__.xcodeproj */;
			proxyType = 2;
			remoteGlobalIDString = 59705424159DB8080003BA92;
			remoteInfo = __REPLACE_MODULE_NAME__;
		};
		5E0F350D1C848E6B005FE117 /* PBXContainerItemProxy */ = {
			isa = PBXContainerItemProxy;
			containerPortal = 59705434159DB8080003BA92 /* __REPLACE_MODULE_NAME__.xcodeproj */;
			proxyType = 1;
			remoteGlobalIDString = 599425A316808409006628E6;
			remoteInfo = __REPLACE_MODULE_NAME__;
		};
		5E14C6461C9172B300FDC937 /* PBXContainerItemProxy */ = {
			isa = PBXContainerItemProxy;
			containerPortal = 5E14C6421C9172B300FDC937 /* iBuildAppLib.xcodeproj */;
			proxyType = 2;
			remoteGlobalIDString = 5ED6C5701C916B96009CA944;
			remoteInfo = iBuildAppLib;
		};
		5E14C6481C9172C800FDC937 /* PBXContainerItemProxy */ = {
			isa = PBXContainerItemProxy;
			containerPortal = 5E14C6421C9172B300FDC937 /* iBuildAppLib.xcodeproj */;
			proxyType = 1;
			remoteGlobalIDString = 5ED6C56F1C916B96009CA944;
			remoteInfo = iBuildAppLib;
		};
		5EC9D6981C983BF5008EBF34 /* PBXContainerItemProxy */ = {
			isa = PBXContainerItemProxy;
			containerPortal = 59705434159DB8080003BA92 /* __REPLACE_MODULE_NAME__.xcodeproj */;
			proxyType = 1;
			remoteGlobalIDString = 5EC9D67E1C980230008EBF34;
			remoteInfo = __REPLACE_MODULE_NAME__Resources;
		};
		5EC9D69B1C983BF5008EBF34 /* PBXContainerItemProxy */ = {
			isa = PBXContainerItemProxy;
			containerPortal = 59705434159DB8080003BA92 /* __REPLACE_MODULE_NAME__.xcodeproj */;
			proxyType = 2;
			remoteGlobalIDString = 5EC9D67F1C980230008EBF34;
			remoteInfo = __REPLACE_MODULE_NAME__Resources;
		};
/* End PBXContainerItemProxy section */

/* Begin PBXFileReference section */
		377A285D1B95BE77009BB389 /* Default-568h@2x.png */ = {isa = PBXFileReference; lastKnownFileType = image.png; path = "Default-568h@2x.png"; sourceTree = "<group>"; };
		37B571641B95CF7100D85CC3 /* TBXML.xcodeproj */ = {isa = PBXFileReference; lastKnownFileType = "wrapper.pb-project"; name = TBXML.xcodeproj; path = ../ios_libs/TBXML/TBXML.xcodeproj; sourceTree = SOURCE_ROOT; };
		37B5716A1B95D03800D85CC3 /* MessageUI.framework */ = {isa = PBXFileReference; lastKnownFileType = wrapper.framework; name = MessageUI.framework; path = System/Library/Frameworks/MessageUI.framework; sourceTree = SDKROOT; };
		37B571CC1B95EF0400D85CC3 /* Base */ = {isa = PBXFileReference; lastKnownFileType = text.plist.strings; name = Base; path = Base.lproj/Localizable.strings; sourceTree = "<group>"; };
		37B571D21B95EFCF00D85CC3 /* ru */ = {isa = PBXFileReference; lastKnownFileType = text.plist.strings; name = ru; path = ru.lproj/Localizable.strings; sourceTree = "<group>"; };
		37B571D31B95F06600D85CC3 /* en */ = {isa = PBXFileReference; lastKnownFileType = text.plist.strings; name = en; path = en.lproj/Localizable.strings; sourceTree = "<group>"; };
		37CBA5E815C9264D0090BBFF /* ModuleDataReceiverProtocol.h */ = {isa = PBXFileReference; fileEncoding = 4; lastKnownFileType = sourcecode.c.h; path = ModuleDataReceiverProtocol.h; sourceTree = SOURCE_ROOT; };
		59705434159DB8080003BA92 /* __REPLACE_MODULE_NAME__.xcodeproj */ = {isa = PBXFileReference; lastKnownFileType = "wrapper.pb-project"; name = __REPLACE_MODULE_NAME__.xcodeproj; path = ../__REPLACE_MODULE_NAME__.xcodeproj; sourceTree = "<group>"; };
		5E0F35101C857E19005FE117 /* config.xml */ = {isa = PBXFileReference; fileEncoding = 4; lastKnownFileType = text.xml; name = config.xml; path = userContent/config.xml; sourceTree = SOURCE_ROOT; };
		5E14C6421C9172B300FDC937 /* iBuildAppLib.xcodeproj */ = {isa = PBXFileReference; lastKnownFileType = "wrapper.pb-project"; name = iBuildAppLib.xcodeproj; path = ../../ios_libs/iBuildAppLib/iBuildAppLib.xcodeproj; sourceTree = "<group>"; };
		5EFBA90D1C86DFBD007AD042 /* AppConfig.h */ = {isa = PBXFileReference; fileEncoding = 4; lastKnownFileType = sourcecode.c.h; path = AppConfig.h; sourceTree = "<group>"; };
		77F76128158B0B80003A4120 /* hostApp.app */ = {isa = PBXFileReference; explicitFileType = wrapper.application; includeInIndex = 0; path = hostApp.app; sourceTree = BUILT_PRODUCTS_DIR; };
		77F7612C158B0B80003A4120 /* UIKit.framework */ = {isa = PBXFileReference; lastKnownFileType = wrapper.framework; name = UIKit.framework; path = System/Library/Frameworks/UIKit.framework; sourceTree = SDKROOT; };
		77F7612E158B0B80003A4120 /* Foundation.framework */ = {isa = PBXFileReference; lastKnownFileType = wrapper.framework; name = Foundation.framework; path = System/Library/Frameworks/Foundation.framework; sourceTree = SDKROOT; };
		77F76130158B0B80003A4120 /* CoreGraphics.framework */ = {isa = PBXFileReference; lastKnownFileType = wrapper.framework; name = CoreGraphics.framework; path = System/Library/Frameworks/CoreGraphics.framework; sourceTree = SDKROOT; };
		77F76134158B0B80003A4120 /* hostApp-Info.plist */ = {isa = PBXFileReference; lastKnownFileType = text.plist.xml; path = "hostApp-Info.plist"; sourceTree = "<group>"; };
		77F76136158B0B80003A4120 /* en */ = {isa = PBXFileReference; lastKnownFileType = text.plist.strings; name = en; path = en.lproj/InfoPlist.strings; sourceTree = "<group>"; };
		77F76138158B0B80003A4120 /* main.m */ = {isa = PBXFileReference; lastKnownFileType = sourcecode.c.objc; path = main.m; sourceTree = "<group>"; };
		77F7613A158B0B80003A4120 /* hostApp-Prefix.pch */ = {isa = PBXFileReference; lastKnownFileType = sourcecode.c.h; path = "hostApp-Prefix.pch"; sourceTree = "<group>"; };
		77F76158158B0C78003A4120 /* AppDelegate.h */ = {isa = PBXFileReference; fileEncoding = 4; lastKnownFileType = sourcecode.c.h; path = AppDelegate.h; sourceTree = "<group>"; };
		77F76159158B0C78003A4120 /* AppDelegate.m */ = {isa = PBXFileReference; fileEncoding = 4; lastKnownFileType = sourcecode.c.objc; path = AppDelegate.m; sourceTree = "<group>"; };
		77F7615B158B0C85003A4120 /* RootViewController.h */ = {isa = PBXFileReference; fileEncoding = 4; lastKnownFileType = sourcecode.c.h; path = RootViewController.h; sourceTree = "<group>"; };
		77F7615C158B0C85003A4120 /* RootViewController.m */ = {isa = PBXFileReference; fileEncoding = 4; lastKnownFileType = sourcecode.c.objc; path = RootViewController.m; sourceTree = "<group>"; };
/* End PBXFileReference section */

/* Begin PBXFrameworksBuildPhase section */
		77F76125158B0B80003A4120 /* Frameworks */ = {
			isa = PBXFrameworksBuildPhase;
			buildActionMask = 2147483647;
			files = (
				5E14C64A1C9172CF00FDC937 /* libiBuildAppLib.a in Frameworks */,
				37B5718C1B95E5D800D85CC3 /* libTBXML.a in Frameworks */,
				5970543C159DB9D00003BA92 /* lib__REPLACE_MODULE_NAME__.a in Frameworks */,
				77F7612D158B0B80003A4120 /* UIKit.framework in Frameworks */,
				77F7612F158B0B80003A4120 /* Foundation.framework in Frameworks */,
				77F76131158B0B80003A4120 /* CoreGraphics.framework in Frameworks */,
				37B5716B1B95D03800D85CC3 /* MessageUI.framework in Frameworks */,
			);
			runOnlyForDeploymentPostprocessing = 0;
		};
/* End PBXFrameworksBuildPhase section */

/* Begin PBXGroup section */
		37B571571B95CC9000D85CC3 /* __REPLACE_MODULE_NAME__ */ = {
			isa = PBXGroup;
			children = (
				59705434159DB8080003BA92 /* __REPLACE_MODULE_NAME__.xcodeproj */,
			);
			name = __REPLACE_MODULE_NAME__;
			sourceTree = "<group>";
		};
		37B571621B95CF4100D85CC3 /* ios_libs */ = {
			isa = PBXGroup;
			children = (
				5E14C6421C9172B300FDC937 /* iBuildAppLib.xcodeproj */,
				37B571641B95CF7100D85CC3 /* TBXML.xcodeproj */,
			);
			name = ios_libs;
			sourceTree = "<group>";
		};
		37B571651B95CF7100D85CC3 /* Products */ = {
			isa = PBXGroup;
			children = (
				37B571691B95CF7200D85CC3 /* libTBXML.a */,
			);
			name = Products;
			sourceTree = "<group>";
		};
		59705435159DB8080003BA92 /* Products */ = {
			isa = PBXGroup;
			children = (
				59705439159DB8090003BA92 /* lib__REPLACE_MODULE_NAME__.a */,
				5EC9D69C1C983BF5008EBF34 /* __REPLACE_MODULE_NAME__Resources.bundle */,
			);
			name = Products;
			sourceTree = "<group>";
		};
		59A8533B15A1825B00E83613 /* userContent */ = {
			isa = PBXGroup;
			children = (
				5E0F35101C857E19005FE117 /* config.xml */,
				377A285D1B95BE77009BB389 /* Default-568h@2x.png */,
			);
			name = userContent;
			sourceTree = "<group>";
		};
		5E14C6431C9172B300FDC937 /* Products */ = {
			isa = PBXGroup;
			children = (
				5E14C6471C9172B300FDC937 /* libiBuildAppLib.a */,
			);
			name = Products;
			sourceTree = "<group>";
		};
		77F7611D158B0B80003A4120 = {
			isa = PBXGroup;
			children = (
				37B571571B95CC9000D85CC3 /* __REPLACE_MODULE_NAME__ */,
				77F76132158B0B80003A4120 /* hostApp */,
				77F7612B158B0B80003A4120 /* Frameworks */,
				77F76129158B0B80003A4120 /* Products */,
			);
			sourceTree = "<group>";
		};
		77F76129158B0B80003A4120 /* Products */ = {
			isa = PBXGroup;
			children = (
				77F76128158B0B80003A4120 /* hostApp.app */,
			);
			name = Products;
			sourceTree = "<group>";
		};
		77F7612B158B0B80003A4120 /* Frameworks */ = {
			isa = PBXGroup;
			children = (
				37B5716A1B95D03800D85CC3 /* MessageUI.framework */,
				77F7612C158B0B80003A4120 /* UIKit.framework */,
				77F7612E158B0B80003A4120 /* Foundation.framework */,
				77F76130158B0B80003A4120 /* CoreGraphics.framework */,
			);
			name = Frameworks;
			sourceTree = "<group>";
		};
		77F76132158B0B80003A4120 /* hostApp */ = {
			isa = PBXGroup;
			children = (
				5EFBA90D1C86DFBD007AD042 /* AppConfig.h */,
				77F76158158B0C78003A4120 /* AppDelegate.h */,
				77F76159158B0C78003A4120 /* AppDelegate.m */,
				77F7615B158B0C85003A4120 /* RootViewController.h */,
				77F7615C158B0C85003A4120 /* RootViewController.m */,
				37CBA5E815C9264D0090BBFF /* ModuleDataReceiverProtocol.h */,
				37B571621B95CF4100D85CC3 /* ios_libs */,
				59A8533B15A1825B00E83613 /* userContent */,
				77F76133158B0B80003A4120 /* Supporting Files */,
			);
			path = hostApp;
			sourceTree = "<group>";
		};
		77F76133158B0B80003A4120 /* Supporting Files */ = {
			isa = PBXGroup;
			children = (
				37B571CB1B95EF0400D85CC3 /* Localizable.strings */,
				77F76134158B0B80003A4120 /* hostApp-Info.plist */,
				77F76135158B0B80003A4120 /* InfoPlist.strings */,
				77F76138158B0B80003A4120 /* main.m */,
				77F7613A158B0B80003A4120 /* hostApp-Prefix.pch */,
			);
			name = "Supporting Files";
			sourceTree = "<group>";
		};
/* End PBXGroup section */

/* Begin PBXNativeTarget section */
		77F76127158B0B80003A4120 /* hostApp */ = {
			isa = PBXNativeTarget;
			buildConfigurationList = 77F7614C158B0B80003A4120 /* Build configuration list for PBXNativeTarget "hostApp" */;
			buildPhases = (
				77F76124158B0B80003A4120 /* Sources */,
				77F76125158B0B80003A4120 /* Frameworks */,
				77F76126158B0B80003A4120 /* Resources */,
			);
			buildRules = (
			);
			dependencies = (
				5EC9D6991C983BF5008EBF34 /* PBXTargetDependency */,
				5E14C6491C9172C800FDC937 /* PBXTargetDependency */,
				5E0F350E1C848E6B005FE117 /* PBXTargetDependency */,
				37B5718B1B95E5D300D85CC3 /* PBXTargetDependency */,
			);
			name = hostApp;
			productName = hostApp;
			productReference = 77F76128158B0B80003A4120 /* hostApp.app */;
			productType = "com.apple.product-type.application";
		};
/* End PBXNativeTarget section */

/* Begin PBXProject section */
		77F7611F158B0B80003A4120 /* Project object */ = {
			isa = PBXProject;
			attributes = {
				LastUpgradeCheck = 0420;
				TargetAttributes = {
					77F76127158B0B80003A4120 = {
						DevelopmentTeam = 5384YDUCY8;
					};
				};
			};
			buildConfigurationList = 77F76122158B0B80003A4120 /* Build configuration list for PBXProject "hostApp" */;
			compatibilityVersion = "Xcode 3.2";
			developmentRegion = English;
			hasScannedForEncodings = 0;
			knownRegions = (
				en,
				Base,
				ru,
			);
			mainGroup = 77F7611D158B0B80003A4120;
			productRefGroup = 77F76129158B0B80003A4120 /* Products */;
			projectDirPath = "";
			projectReferences = (
				{
					ProductGroup = 5E14C6431C9172B300FDC937 /* Products */;
					ProjectRef = 5E14C6421C9172B300FDC937 /* iBuildAppLib.xcodeproj */;
				},
				{
					ProductGroup = 59705435159DB8080003BA92 /* Products */;
					ProjectRef = 59705434159DB8080003BA92 /* __REPLACE_MODULE_NAME__.xcodeproj */;
				},
				{
					ProductGroup = 37B571651B95CF7100D85CC3 /* Products */;
					ProjectRef = 37B571641B95CF7100D85CC3 /* TBXML.xcodeproj */;
				},
			);
			projectRoot = "";
			targets = (
				77F76127158B0B80003A4120 /* hostApp */,
			);
		};
/* End PBXProject section */

/* Begin PBXReferenceProxy section */
		37B571691B95CF7200D85CC3 /* libTBXML.a */ = {
			isa = PBXReferenceProxy;
			fileType = archive.ar;
			path = libTBXML.a;
			remoteRef = 37B571681B95CF7200D85CC3 /* PBXContainerItemProxy */;
			sourceTree = BUILT_PRODUCTS_DIR;
		};
		59705439159DB8090003BA92 /* lib__REPLACE_MODULE_NAME__.a */ = {
			isa = PBXReferenceProxy;
			fileType = archive.ar;
			path = lib__REPLACE_MODULE_NAME__.a;
			remoteRef = 59705438159DB8090003BA92 /* PBXContainerItemProxy */;
			sourceTree = BUILT_PRODUCTS_DIR;
		};
		5E14C6471C9172B300FDC937 /* libiBuildAppLib.a */ = {
			isa = PBXReferenceProxy;
			fileType = archive.ar;
			path = libiBuildAppLib.a;
			remoteRef = 5E14C6461C9172B300FDC937 /* PBXContainerItemProxy */;
			sourceTree = BUILT_PRODUCTS_DIR;
		};
		5EC9D69C1C983BF5008EBF34 /* __REPLACE_MODULE_NAME__Resources.bundle */ = {
			isa = PBXReferenceProxy;
			fileType = wrapper.cfbundle;
			path = __REPLACE_MODULE_NAME__Resources.bundle;
			remoteRef = 5EC9D69B1C983BF5008EBF34 /* PBXContainerItemProxy */;
			sourceTree = BUILT_PRODUCTS_DIR;
		};
/* End PBXReferenceProxy section */

/* Begin PBXResourcesBuildPhase section */
		77F76126158B0B80003A4120 /* Resources */ = {
			isa = PBXResourcesBuildPhase;
			buildActionMask = 2147483647;
			files = (
				5EC9D69D1C983C1F008EBF34 /* __REPLACE_MODULE_NAME__Resources.bundle in Resources */,
				77F76137158B0B80003A4120 /* InfoPlist.strings in Resources */,
				377A285E1B95BE77009BB389 /* Default-568h@2x.png in Resources */,
				37B571CD1B95EF0400D85CC3 /* Localizable.strings in Resources */,
				5E0F35111C857E19005FE117 /* config.xml in Resources */,
			);
			runOnlyForDeploymentPostprocessing = 0;
		};
/* End PBXResourcesBuildPhase section */

/* Begin PBXSourcesBuildPhase section */
		77F76124158B0B80003A4120 /* Sources */ = {
			isa = PBXSourcesBuildPhase;
			buildActionMask = 2147483647;
			files = (
				77F76139158B0B80003A4120 /* main.m in Sources */,
				77F7615A158B0C78003A4120 /* AppDelegate.m in Sources */,
				77F7615D158B0C85003A4120 /* RootViewController.m in Sources */,
			);
			runOnlyForDeploymentPostprocessing = 0;
		};
/* End PBXSourcesBuildPhase section */

/* Begin PBXTargetDependency section */
		37B5718B1B95E5D300D85CC3 /* PBXTargetDependency */ = {
			isa = PBXTargetDependency;
			name = TBXML;
			targetProxy = 37B5718A1B95E5D300D85CC3 /* PBXContainerItemProxy */;
		};
		5E0F350E1C848E6B005FE117 /* PBXTargetDependency */ = {
			isa = PBXTargetDependency;
			name = __REPLACE_MODULE_NAME__;
			targetProxy = 5E0F350D1C848E6B005FE117 /* PBXContainerItemProxy */;
		};
		5E14C6491C9172C800FDC937 /* PBXTargetDependency */ = {
			isa = PBXTargetDependency;
			name = iBuildAppLib;
			targetProxy = 5E14C6481C9172C800FDC937 /* PBXContainerItemProxy */;
		};
		5EC9D6991C983BF5008EBF34 /* PBXTargetDependency */ = {
			isa = PBXTargetDependency;
			name = __REPLACE_MODULE_NAME__Resources;
			targetProxy = 5EC9D6981C983BF5008EBF34 /* PBXContainerItemProxy */;
		};
/* End PBXTargetDependency section */

/* Begin PBXVariantGroup section */
		37B571CB1B95EF0400D85CC3 /* Localizable.strings */ = {
			isa = PBXVariantGroup;
			children = (
				37B571CC1B95EF0400D85CC3 /* Base */,
				37B571D21B95EFCF00D85CC3 /* ru */,
				37B571D31B95F06600D85CC3 /* en */,
			);
			name = Localizable.strings;
			sourceTree = "<group>";
		};
		77F76135158B0B80003A4120 /* InfoPlist.strings */ = {
			isa = PBXVariantGroup;
			children = (
				77F76136158B0B80003A4120 /* en */,
			);
			name = InfoPlist.strings;
			sourceTree = "<group>";
		};
/* End PBXVariantGroup section */

/* Begin XCBuildConfiguration section */
		77F7614A158B0B80003A4120 /* Debug */ = {
			isa = XCBuildConfiguration;
			buildSettings = {
				ALWAYS_SEARCH_USER_PATHS = NO;
				CODE_SIGN_IDENTITY = "iPhone Distribution: iBuildApp, Inc (5384YDUCY8)";
				"CODE_SIGN_IDENTITY[sdk=iphoneos*]" = "iPhone Distribution: iBuildApp, Inc (5384YDUCY8)";
				COPY_PHASE_STRIP = NO;
				GCC_C_LANGUAGE_STANDARD = gnu99;
				GCC_DYNAMIC_NO_PIC = NO;
				GCC_OPTIMIZATION_LEVEL = 0;
				GCC_PREPROCESSOR_DEFINITIONS = (
					"DEBUG=1",
					"$(inherited)",
				);
				GCC_SYMBOLS_PRIVATE_EXTERN = NO;
				GCC_VERSION = com.apple.compilers.llvm.clang.1_0;
				GCC_WARN_ABOUT_MISSING_PROTOTYPES = YES;
				GCC_WARN_ABOUT_RETURN_TYPE = YES;
				GCC_WARN_UNUSED_VARIABLE = YES;
				IPHONEOS_DEPLOYMENT_TARGET = 6.0;
				ONLY_ACTIVE_ARCH = YES;
				PROVISIONING_PROFILE = "72003e7a-3716-43c7-a88f-fc229b0844f3";
				"PROVISIONING_PROFILE[sdk=iphoneos*]" = "72003e7a-3716-43c7-a88f-fc229b0844f3";
				SDKROOT = iphoneos;
			};
			name = Debug;
		};
		77F7614B158B0B80003A4120 /* Release */ = {
			isa = XCBuildConfiguration;
			buildSettings = {
				ALWAYS_SEARCH_USER_PATHS = NO;
				CODE_SIGN_IDENTITY = "iPhone Distribution: iBuildApp, Inc (5384YDUCY8)";
				"CODE_SIGN_IDENTITY[sdk=iphoneos*]" = "iPhone Distribution: iBuildApp, Inc (5384YDUCY8)";
				COPY_PHASE_STRIP = YES;
				GCC_C_LANGUAGE_STANDARD = gnu99;
				GCC_VERSION = com.apple.compilers.llvm.clang.1_0;
				GCC_WARN_ABOUT_MISSING_PROTOTYPES = YES;
				GCC_WARN_ABOUT_RETURN_TYPE = YES;
				GCC_WARN_UNUSED_VARIABLE = YES;
				IPHONEOS_DEPLOYMENT_TARGET = 6.0;
				ONLY_ACTIVE_ARCH = YES;
				OTHER_CFLAGS = "-DNS_BLOCK_ASSERTIONS=1";
				PROVISIONING_PROFILE = "72003e7a-3716-43c7-a88f-fc229b0844f3";
				"PROVISIONING_PROFILE[sdk=iphoneos*]" = "72003e7a-3716-43c7-a88f-fc229b0844f3";
				SDKROOT = iphoneos;
				VALIDATE_PRODUCT = YES;
			};
			name = Release;
		};
		77F7614D158B0B80003A4120 /* Debug */ = {
			isa = XCBuildConfiguration;
			buildSettings = {
				CLANG_ENABLE_OBJC_ARC = NO;
				CODE_SIGN_IDENTITY = "iPhone Developer";
				"CODE_SIGN_IDENTITY[sdk=iphoneos*]" = "iPhone Developer";
				GCC_PRECOMPILE_PREFIX_HEADER = YES;
				GCC_PREFIX_HEADER = "hostApp/hostApp-Prefix.pch";
				INFOPLIST_FILE = "hostApp/hostApp-Info.plist";
				IPHONEOS_DEPLOYMENT_TARGET = 6.0;
				LIBRARY_SEARCH_PATHS = (
					"$(inherited)",
					"\"$(SRCROOT)/userContent\"",
				);
				OTHER_LDFLAGS = "-ObjC";
				PRODUCT_BUNDLE_IDENTIFIER = com.ibuildapp.opensource;
				PRODUCT_NAME = "$(TARGET_NAME)";
				PROVISIONING_PROFILE = "";
				SEPARATE_STRIP = YES;
				USER_HEADER_SEARCH_PATHS = "../__REPLACE_MODULE_NAME__ ../ios_libs/TBXML/TBXML-Headers/";
				WRAPPER_EXTENSION = app;
			};
			name = Debug;
		};
		77F7614E158B0B80003A4120 /* Release */ = {
			isa = XCBuildConfiguration;
			buildSettings = {
				CLANG_ENABLE_OBJC_ARC = NO;
				CODE_SIGN_IDENTITY = "iPhone Developer";
				"CODE_SIGN_IDENTITY[sdk=iphoneos*]" = "iPhone Developer";
				GCC_PRECOMPILE_PREFIX_HEADER = YES;
				GCC_PREFIX_HEADER = "hostApp/hostApp-Prefix.pch";
				INFOPLIST_FILE = "hostApp/hostApp-Info.plist";
				IPHONEOS_DEPLOYMENT_TARGET = 6.0;
				LIBRARY_SEARCH_PATHS = (
					"$(inherited)",
					"\"$(SRCROOT)/userContent\"",
				);
				OTHER_LDFLAGS = "-ObjC";
				PRODUCT_BUNDLE_IDENTIFIER = com.ibuildapp.opensource;
				PRODUCT_NAME = "$(TARGET_NAME)";
				PROVISIONING_PROFILE = "";
				SEPARATE_STRIP = YES;
				USER_HEADER_SEARCH_PATHS = "../__REPLACE_MODULE_NAME__ ../ios_libs/TBXML/TBXML-Headers/";
				WRAPPER_EXTENSION = app;
			};
			name = Release;
		};
/* End XCBuildConfiguration section */

/* Begin XCConfigurationList section */
		77F76122158B0B80003A4120 /* Build configuration list for PBXProject "hostApp" */ = {
			isa = XCConfigurationList;
			buildConfigurations = (
				77F7614A158B0B80003A4120 /* Debug */,
				77F7614B158B0B80003A4120 /* Release */,
			);
			defaultConfigurationIsVisible = 0;
			defaultConfigurationName = Release;
		};
		77F7614C158B0B80003A4120 /* Build configuration list for PBXNativeTarget "hostApp" */ = {
			isa = XCConfigurationList;
			buildConfigurations = (
				77F7614D158B0B80003A4120 /* Debug */,
				77F7614E158B0B80003A4120 /* Release */,
			);
			defaultConfigurationIsVisible = 0;
			defaultConfigurationName = Release;
		};
/* End XCConfigurationList section */
	};
	rootObject = 77F7611F158B0B80003A4120 /* Project object */;
}
